
Microsoft Visual Studio Solution File, Format Version 12.00
# Visual Studio Version 17
VisualStudioVersion = 17.11.35327.3
MinimumVisualStudioVersion = 10.0.40219.1
Project("{9A19103F-16F7-4668-BE54-9A1E7A4F7556}") = "DotNetBath14MTZO.ConsoleApp", "DotNetBath14MTZO.ConsoleApp\DotNetBath14MTZO.ConsoleApp.csproj", "{234C7683-38D7-4414-99A7-713D678E8C22}"
EndProject
Project("{9A19103F-16F7-4668-BE54-9A1E7A4F7556}") = "DotNetBath14MTZOPractce.ConsoleApp", "DotNetBath14MTZOPractce.ConsoleApp\DotNetBath14MTZOPractce.ConsoleApp.csproj", "{38AE6484-D847-4A24-9280-DBEFECD372F5}"
EndProject
Project("{FAE04EC0-301F-11D3-BF4B-00C04F79EFBC}") = "DotNetBath14MTZO.RestApi", "DotNetBath14MTZO.RestApi\DotNetBath14MTZO.RestApi.csproj", "{1D24FE82-401A-49C9-9DBB-38D3FB21F062}"
EndProject
Global
	GlobalSection(SolutionConfigurationPlatforms) = preSolution
		Debug|Any CPU = Debug|Any CPU
		Release|Any CPU = Release|Any CPU
	EndGlobalSection
	GlobalSection(ProjectConfigurationPlatforms) = postSolution
		{234C7683-38D7-4414-99A7-713D678E8C22}.Debug|Any CPU.ActiveCfg = Debug|Any CPU
		{234C7683-38D7-4414-99A7-713D678E8C22}.Debug|Any CPU.Build.0 = Debug|Any CPU
		{234C7683-38D7-4414-99A7-713D678E8C22}.Release|Any CPU.ActiveCfg = Release|Any CPU
		{234C7683-38D7-4414-99A7-713D678E8C22}.Release|Any CPU.Build.0 = Release|Any CPU
		{38AE6484-D847-4A24-9280-DBEFECD372F5}.Debug|Any CPU.ActiveCfg = Debug|Any CPU
		{38AE6484-D847-4A24-9280-DBEFECD372F5}.Debug|Any CPU.Build.0 = Debug|Any CPU
		{38AE6484-D847-4A24-9280-DBEFECD372F5}.Release|Any CPU.ActiveCfg = Release|Any CPU
		{38AE6484-D847-4A24-9280-DBEFECD372F5}.Release|Any CPU.Build.0 = Release|Any CPU
		{1D24FE82-401A-49C9-9DBB-38D3FB21F062}.Debug|Any CPU.ActiveCfg = Debug|Any CPU
		{1D24FE82-401A-49C9-9DBB-38D3FB21F062}.Debug|Any CPU.Build.0 = Debug|Any CPU
		{1D24FE82-401A-49C9-9DBB-38D3FB21F062}.Release|Any CPU.ActiveCfg = Release|Any CPU
		{1D24FE82-401A-49C9-9DBB-38D3FB21F062}.Release|Any CPU.Build.0 = Release|Any CPU
	EndGlobalSection
	GlobalSection(SolutionProperties) = preSolution
		HideSolutionNode = FALSE
	EndGlobalSection
	GlobalSection(ExtensibilityGlobals) = postSolution
		SolutionGuid = {ADCF2133-81F7-48E9-AABE-68893F6482FA}
	EndGlobalSection
EndGlobal
